
Microsoft Visual Studio Solution File, Format Version 12.00
# Visual Studio Version 16
VisualStudioVersion = 16.0.31911.196
MinimumVisualStudioVersion = 10.0.40219.1
Project("{FAE04EC0-301F-11D3-BF4B-00C04F79EFBC}") = "CEDECRYPTOR", "CEDECRYPTOR\CEDECRYPTOR.csproj", "{38FAD9AE-B41E-475D-99DA-4ECC10DE2728}"
EndProject
Global
	GlobalSection(SolutionConfigurationPlatforms) = preSolution
		Debug|Any CPU = Debug|Any CPU
		Release|Any CPU = Release|Any CPU
	EndGlobalSection
	GlobalSection(ProjectConfigurationPlatforms) = postSolution
		{38FAD9AE-B41E-475D-99DA-4ECC10DE2728}.Debug|Any CPU.ActiveCfg = Debug|Any CPU
		{38FAD9AE-B41E-475D-99DA-4ECC10DE2728}.Debug|Any CPU.Build.0 = Debug|Any CPU
		{38FAD9AE-B41E-475D-99DA-4ECC10DE2728}.Release|Any CPU.ActiveCfg = Release|Any CPU
		{38FAD9AE-B41E-475D-99DA-4ECC10DE2728}.Release|Any CPU.Build.0 = Release|Any CPU
	EndGlobalSection
	GlobalSection(SolutionProperties) = preSolution
		HideSolutionNode = FALSE
	EndGlobalSection
	GlobalSection(ExtensibilityGlobals) = postSolution
		SolutionGuid = {90E80F72-8DE1-499F-8C05-F5EFAF07DA45}
	EndGlobalSection
EndGlobal
